
Microsoft Visual Studio Solution File, Format Version 12.00
# Visual Studio Version 17
VisualStudioVersion = 17.6.33815.320
MinimumVisualStudioVersion = 10.0.40219.1
Project("{FAE04EC0-301F-11D3-BF4B-00C04F79EFBC}") = "Practica1CasaIntento3", "Practica1CasaIntento3\Practica1CasaIntento3.csproj", "{F004ADED-DE5A-489C-A168-A783807BBC7D}"
EndProject
Global
	GlobalSection(SolutionConfigurationPlatforms) = preSolution
		Debug|Any CPU = Debug|Any CPU
		Release|Any CPU = Release|Any CPU
	EndGlobalSection
	GlobalSection(ProjectConfigurationPlatforms) = postSolution
		{F004ADED-DE5A-489C-A168-A783807BBC7D}.Debug|Any CPU.ActiveCfg = Debug|Any CPU
		{F004ADED-DE5A-489C-A168-A783807BBC7D}.Debug|Any CPU.Build.0 = Debug|Any CPU
		{F004ADED-DE5A-489C-A168-A783807BBC7D}.Release|Any CPU.ActiveCfg = Release|Any CPU
		{F004ADED-DE5A-489C-A168-A783807BBC7D}.Release|Any CPU.Build.0 = Release|Any CPU
	EndGlobalSection
	GlobalSection(SolutionProperties) = preSolution
		HideSolutionNode = FALSE
	EndGlobalSection
	GlobalSection(ExtensibilityGlobals) = postSolution
		SolutionGuid = {1A045969-669A-435A-BEB8-010BB7468A6F}
	EndGlobalSection
EndGlobal
